
Microsoft Visual Studio Solution File, Format Version 12.00
# Visual Studio Version 17
VisualStudioVersion = 17.14.36127.28 d17.14
MinimumVisualStudioVersion = 10.0.40219.1
Project("{FAE04EC0-301F-11D3-BF4B-00C04F79EFBC}") = "String İşlemleri1", "String İşlemleri1\String İşlemleri1.csproj", "{C3E05E8D-C881-439E-AAA9-379A225D64CD}"
EndProject
Global
	GlobalSection(SolutionConfigurationPlatforms) = preSolution
		Debug|Any CPU = Debug|Any CPU
		Release|Any CPU = Release|Any CPU
	EndGlobalSection
	GlobalSection(ProjectConfigurationPlatforms) = postSolution
		{C3E05E8D-C881-439E-AAA9-379A225D64CD}.Debug|Any CPU.ActiveCfg = Debug|Any CPU
		{C3E05E8D-C881-439E-AAA9-379A225D64CD}.Debug|Any CPU.Build.0 = Debug|Any CPU
		{C3E05E8D-C881-439E-AAA9-379A225D64CD}.Release|Any CPU.ActiveCfg = Release|Any CPU
		{C3E05E8D-C881-439E-AAA9-379A225D64CD}.Release|Any CPU.Build.0 = Release|Any CPU
	EndGlobalSection
	GlobalSection(SolutionProperties) = preSolution
		HideSolutionNode = FALSE
	EndGlobalSection
	GlobalSection(ExtensibilityGlobals) = postSolution
		SolutionGuid = {6A477373-67D5-40F5-B3AD-F71E73E20FAA}
	EndGlobalSection
EndGlobal
